Microsoft Visual Studio Solution File, Format Version 8.00
Project("{FAE04EC0-301F-11D3-BF4B-00C04F79EFBC}") = "XrossGDIPlusTest", "XrossGDIPlusTest.csproj", "{484B7C96-8F9D-456C-9A12-25BADD96243C}"
	ProjectSection(ProjectDependencies) = postProject
	EndProjectSection
EndProject
Project("{20D4826A-C6FA-45DB-90F4-C717570B9F32}") = "XrossGDIPlus", "..\XrossGDIPlus\XrossGDIPlus.csdproj", "{1A9A27A6-D345-49EF-865F-06854083E99F}"
	ProjectSection(ProjectDependencies) = postProject
	EndProjectSection
EndProject
Global
	GlobalSection(SolutionConfiguration) = preSolution
		Debug = Debug
		Release = Release
	EndGlobalSection
	GlobalSection(ProjectConfiguration) = postSolution
		{484B7C96-8F9D-456C-9A12-25BADD96243C}.Debug.ActiveCfg = Debug|.NET
		{484B7C96-8F9D-456C-9A12-25BADD96243C}.Debug.Build.0 = Debug|.NET
		{484B7C96-8F9D-456C-9A12-25BADD96243C}.Release.ActiveCfg = Release|.NET
		{484B7C96-8F9D-456C-9A12-25BADD96243C}.Release.Build.0 = Release|.NET
		{1A9A27A6-D345-49EF-865F-06854083E99F}.Debug.ActiveCfg = Debug|Pocket PC
		{1A9A27A6-D345-49EF-865F-06854083E99F}.Debug.Build.0 = Debug|Pocket PC
		{1A9A27A6-D345-49EF-865F-06854083E99F}.Debug.Deploy.0 = Debug|Pocket PC
		{1A9A27A6-D345-49EF-865F-06854083E99F}.Release.ActiveCfg = Release|Pocket PC
		{1A9A27A6-D345-49EF-865F-06854083E99F}.Release.Build.0 = Release|Pocket PC
		{1A9A27A6-D345-49EF-865F-06854083E99F}.Release.Deploy.0 = Release|Pocket PC
	EndGlobalSection
	GlobalSection(ExtensibilityGlobals) = postSolution
	EndGlobalSection
	GlobalSection(ExtensibilityAddIns) = postSolution
	EndGlobalSection
EndGlobal
